github.com/adityatelange/hugo-PaperMod v0.0.0-20220409075410-c5d31c778b57 h1:UBO8F9XIyxvMY6UrknGaGLupUmsBGHfJc6n9tp1xzvI=
github.com/adityatelange/hugo-PaperMod v0.0.0-20220409075410-c5d31c778b57/go.mod h1:HCHxNMKYdGafUYjVV3ICiAqznZK2yH0iI53jqcDFDdQ=
github.com/adityatelange/hugo-PaperMod v0.0.0-20230507121058-bacb763071d9 h1:7BhBWq8ONr6MBUKAsrSJxjN9J8L6YSzEJxFy2Kqo+u4=
github.com/adityatelange/hugo-PaperMod v0.0.0-20230507121058-bacb763071d9/go.mod h1:HCHxNMKYdGafUYjVV3ICiAqznZK2yH0iI53jqcDFDdQ=
github.com/divinerites/plausible-hugo v1.15.5 h1:w4rwQhMLYpzZUKALwbcLurH8njjY7mGoA83M0HMmRUQ=
github.com/divinerites/plausible-hugo v1.15.5/go.mod h1:cxr+YB3FUwbLon8KCs4pV4Ankbkq6lJxTQUpNb5KqPo=
github.com/divinerites/plausible-hugo v1.17.2 h1:KaxTnC2mkQQznqHCHaIFe3nDYtC3YgRXTbPIv1DNLkY=
github.com/divinerites/plausible-hugo v1.17.2/go.mod h1:cxr+YB3FUwbLon8KCs4pV4Ankbkq6lJxTQUpNb5KqPo=
